
Microsoft Visual Studio Solution File, Format Version 12.00
# Visual Studio Version 17
VisualStudioVersion = 17.8.34330.188
MinimumVisualStudioVersion = 10.0.40219.1
Project("{9A19103F-16F7-4668-BE54-9A1E7A4F7556}") = "LINQ-Tutorial", "LINQ-Tutorial\LINQ-Tutorial.csproj", "{6CB360F1-824D-43BD-8D07-79B7DAFC60CF}"
EndProject
Project("{FAE04EC0-301F-11D3-BF4B-00C04F79EFBC}") = "TCPData", "TCPData\TCPData.csproj", "{A384A179-4850-4FA2-AECD-5DDCFC265EE4}"
EndProject
Project("{FAE04EC0-301F-11D3-BF4B-00C04F79EFBC}") = "TCPExtensions", "TCPExtensions\TCPExtensions.csproj", "{D4C67F50-9B59-47F4-B7AD-B85FBF854B8B}"
EndProject
Global
	GlobalSection(SolutionConfigurationPlatforms) = preSolution
		Debug|Any CPU = Debug|Any CPU
		Release|Any CPU = Release|Any CPU
	EndGlobalSection
	GlobalSection(ProjectConfigurationPlatforms) = postSolution
		{6CB360F1-824D-43BD-8D07-79B7DAFC60CF}.Debug|Any CPU.ActiveCfg = Debug|Any CPU
		{6CB360F1-824D-43BD-8D07-79B7DAFC60CF}.Debug|Any CPU.Build.0 = Debug|Any CPU
		{6CB360F1-824D-43BD-8D07-79B7DAFC60CF}.Release|Any CPU.ActiveCfg = Release|Any CPU
		{6CB360F1-824D-43BD-8D07-79B7DAFC60CF}.Release|Any CPU.Build.0 = Release|Any CPU
		{A384A179-4850-4FA2-AECD-5DDCFC265EE4}.Debug|Any CPU.ActiveCfg = Debug|Any CPU
		{A384A179-4850-4FA2-AECD-5DDCFC265EE4}.Debug|Any CPU.Build.0 = Debug|Any CPU
		{A384A179-4850-4FA2-AECD-5DDCFC265EE4}.Release|Any CPU.ActiveCfg = Release|Any CPU
		{A384A179-4850-4FA2-AECD-5DDCFC265EE4}.Release|Any CPU.Build.0 = Release|Any CPU
		{D4C67F50-9B59-47F4-B7AD-B85FBF854B8B}.Debug|Any CPU.ActiveCfg = Debug|Any CPU
		{D4C67F50-9B59-47F4-B7AD-B85FBF854B8B}.Debug|Any CPU.Build.0 = Debug|Any CPU
		{D4C67F50-9B59-47F4-B7AD-B85FBF854B8B}.Release|Any CPU.ActiveCfg = Release|Any CPU
		{D4C67F50-9B59-47F4-B7AD-B85FBF854B8B}.Release|Any CPU.Build.0 = Release|Any CPU
	EndGlobalSection
	GlobalSection(SolutionProperties) = preSolution
		HideSolutionNode = FALSE
	EndGlobalSection
	GlobalSection(ExtensibilityGlobals) = postSolution
		SolutionGuid = {4F81E76B-3352-4108-BFEC-8CC94565D895}
	EndGlobalSection
EndGlobal
